
Microsoft Visual Studio Solution File, Format Version 12.00
# Visual Studio Version 17
VisualStudioVersion = 17.1.32319.34
MinimumVisualStudioVersion = 10.0.40219.1
Project("{9A19103F-16F7-4668-BE54-9A1E7A4F7556}") = "BibliotekBoklusen.Server", "LMS\Server\BibliotekBoklusen.Server.csproj", "{683FA9AD-2DC6-44B8-8CB0-E09D469541D4}"
EndProject
Project("{9A19103F-16F7-4668-BE54-9A1E7A4F7556}") = "BibliotekBoklusen.Client", "LMS\Client\BibliotekBoklusen.Client.csproj", "{223BD3F9-03AF-46FC-B04E-DDD05473DF22}"
EndProject
Project("{9A19103F-16F7-4668-BE54-9A1E7A4F7556}") = "BibliotekBoklusen.Shared", "LMS\Shared\BibliotekBoklusen.Shared.csproj", "{780AB44D-DA7B-47A9-9D7D-7FA09C632602}"
EndProject
Global
	GlobalSection(SolutionConfigurationPlatforms) = preSolution
		Debug|Any CPU = Debug|Any CPU
		Release|Any CPU = Release|Any CPU
	EndGlobalSection
	GlobalSection(ProjectConfigurationPlatforms) = postSolution
		{683FA9AD-2DC6-44B8-8CB0-E09D469541D4}.Debug|Any CPU.ActiveCfg = Debug|Any CPU
		{683FA9AD-2DC6-44B8-8CB0-E09D469541D4}.Debug|Any CPU.Build.0 = Debug|Any CPU
		{683FA9AD-2DC6-44B8-8CB0-E09D469541D4}.Release|Any CPU.ActiveCfg = Release|Any CPU
		{683FA9AD-2DC6-44B8-8CB0-E09D469541D4}.Release|Any CPU.Build.0 = Release|Any CPU
		{223BD3F9-03AF-46FC-B04E-DDD05473DF22}.Debug|Any CPU.ActiveCfg = Debug|Any CPU
		{223BD3F9-03AF-46FC-B04E-DDD05473DF22}.Debug|Any CPU.Build.0 = Debug|Any CPU
		{223BD3F9-03AF-46FC-B04E-DDD05473DF22}.Release|Any CPU.ActiveCfg = Release|Any CPU
		{223BD3F9-03AF-46FC-B04E-DDD05473DF22}.Release|Any CPU.Build.0 = Release|Any CPU
		{780AB44D-DA7B-47A9-9D7D-7FA09C632602}.Debug|Any CPU.ActiveCfg = Debug|Any CPU
		{780AB44D-DA7B-47A9-9D7D-7FA09C632602}.Debug|Any CPU.Build.0 = Debug|Any CPU
		{780AB44D-DA7B-47A9-9D7D-7FA09C632602}.Release|Any CPU.ActiveCfg = Release|Any CPU
		{780AB44D-DA7B-47A9-9D7D-7FA09C632602}.Release|Any CPU.Build.0 = Release|Any CPU
	EndGlobalSection
	GlobalSection(SolutionProperties) = preSolution
		HideSolutionNode = FALSE
	EndGlobalSection
	GlobalSection(ExtensibilityGlobals) = postSolution
		SolutionGuid = {4FDF2AB4-5D86-4118-A197-0DC95D1545E7}
	EndGlobalSection
EndGlobal
